
Microsoft Visual Studio Solution File, Format Version 12.00
# Visual Studio Version 16
VisualStudioVersion = 16.0.30717.126
MinimumVisualStudioVersion = 10.0.40219.1
Project("{9A19103F-16F7-4668-BE54-9A1E7A4F7556}") = "TPNet", "TPNet\TPNet.csproj", "{9F3EDDDD-BD34-4847-A9BD-A1DA26FEE094}"
EndProject
Project("{9A19103F-16F7-4668-BE54-9A1E7A4F7556}") = "Persistence.DataBase", "Persistence.DataBase\Persistence.DataBase.csproj", "{665937BB-6B27-45BB-B8C2-8AD721163EB0}"
EndProject
Project("{9A19103F-16F7-4668-BE54-9A1E7A4F7556}") = "Service", "Service\Service.csproj", "{8DDB7B4B-BB4B-4700-86EF-5494D6A33A3F}"
EndProject
Project("{FAE04EC0-301F-11D3-BF4B-00C04F79EFBC}") = "WebApi", "WebApi\WebApi.csproj", "{9A99FB77-F644-4BC5-940A-A7FCE3635C6F}"
EndProject
Global
	GlobalSection(SolutionConfigurationPlatforms) = preSolution
		Debug|Any CPU = Debug|Any CPU
		Release|Any CPU = Release|Any CPU
	EndGlobalSection
	GlobalSection(ProjectConfigurationPlatforms) = postSolution
		{9F3EDDDD-BD34-4847-A9BD-A1DA26FEE094}.Debug|Any CPU.ActiveCfg = Debug|Any CPU
		{9F3EDDDD-BD34-4847-A9BD-A1DA26FEE094}.Debug|Any CPU.Build.0 = Debug|Any CPU
		{9F3EDDDD-BD34-4847-A9BD-A1DA26FEE094}.Release|Any CPU.ActiveCfg = Release|Any CPU
		{9F3EDDDD-BD34-4847-A9BD-A1DA26FEE094}.Release|Any CPU.Build.0 = Release|Any CPU
		{665937BB-6B27-45BB-B8C2-8AD721163EB0}.Debug|Any CPU.ActiveCfg = Debug|Any CPU
		{665937BB-6B27-45BB-B8C2-8AD721163EB0}.Debug|Any CPU.Build.0 = Debug|Any CPU
		{665937BB-6B27-45BB-B8C2-8AD721163EB0}.Release|Any CPU.ActiveCfg = Release|Any CPU
		{665937BB-6B27-45BB-B8C2-8AD721163EB0}.Release|Any CPU.Build.0 = Release|Any CPU
		{8DDB7B4B-BB4B-4700-86EF-5494D6A33A3F}.Debug|Any CPU.ActiveCfg = Debug|Any CPU
		{8DDB7B4B-BB4B-4700-86EF-5494D6A33A3F}.Debug|Any CPU.Build.0 = Debug|Any CPU
		{8DDB7B4B-BB4B-4700-86EF-5494D6A33A3F}.Release|Any CPU.ActiveCfg = Release|Any CPU
		{8DDB7B4B-BB4B-4700-86EF-5494D6A33A3F}.Release|Any CPU.Build.0 = Release|Any CPU
		{9A99FB77-F644-4BC5-940A-A7FCE3635C6F}.Debug|Any CPU.ActiveCfg = Debug|Any CPU
		{9A99FB77-F644-4BC5-940A-A7FCE3635C6F}.Debug|Any CPU.Build.0 = Debug|Any CPU
		{9A99FB77-F644-4BC5-940A-A7FCE3635C6F}.Release|Any CPU.ActiveCfg = Release|Any CPU
		{9A99FB77-F644-4BC5-940A-A7FCE3635C6F}.Release|Any CPU.Build.0 = Release|Any CPU
	EndGlobalSection
	GlobalSection(SolutionProperties) = preSolution
		HideSolutionNode = FALSE
	EndGlobalSection
	GlobalSection(ExtensibilityGlobals) = postSolution
		SolutionGuid = {5630306C-6C5F-413C-A24D-414F98C35B39}
	EndGlobalSection
EndGlobal
